
Microsoft Visual Studio Solution File, Format Version 12.00
# Visual Studio Version 17
VisualStudioVersion = 17.5.002.0
MinimumVisualStudioVersion = 10.0.40219.1
Project("{9A19103F-16F7-4668-BE54-9A1E7A4F7556}") = "primeiroprojeto", "primeiroprojeto.csproj", "{E1A616B9-7585-483E-A717-61277B0AAAEC}"
EndProject
Global
	GlobalSection(SolutionConfigurationPlatforms) = preSolution
		Debug|Any CPU = Debug|Any CPU
		Release|Any CPU = Release|Any CPU
	EndGlobalSection
	GlobalSection(ProjectConfigurationPlatforms) = postSolution
		{E1A616B9-7585-483E-A717-61277B0AAAEC}.Debug|Any CPU.ActiveCfg = Debug|Any CPU
		{E1A616B9-7585-483E-A717-61277B0AAAEC}.Debug|Any CPU.Build.0 = Debug|Any CPU
		{E1A616B9-7585-483E-A717-61277B0AAAEC}.Release|Any CPU.ActiveCfg = Release|Any CPU
		{E1A616B9-7585-483E-A717-61277B0AAAEC}.Release|Any CPU.Build.0 = Release|Any CPU
	EndGlobalSection
	GlobalSection(SolutionProperties) = preSolution
		HideSolutionNode = FALSE
	EndGlobalSection
	GlobalSection(ExtensibilityGlobals) = postSolution
		SolutionGuid = {5C040ABD-05C5-48AA-B99E-F7151B9F77A2}
	EndGlobalSection
EndGlobal
